// !$*UTF8*$!
{
	archiveVersion = 1;
	classes = {
	};
	objectVersion = 46;
	objects = {

/* Begin PBXBuildFile section */
		992CDF0E190769AE000BAD82 /* Foundation.framework in Frameworks */ = {isa = PBXBuildFile; fileRef = 992CDF0D190769AE000BAD82 /* Foundation.framework */; };
		992CDF10190769AE000BAD82 /* CoreGraphics.framework in Frameworks */ = {isa = PBXBuildFile; fileRef = 992CDF0F190769AE000BAD82 /* CoreGraphics.framework */; };
		992CDF12190769AE000BAD82 /* UIKit.framework in Frameworks */ = {isa = PBXBuildFile; fileRef = 992CDF11190769AE000BAD82 /* UIKit.framework */; };
		992CDF18190769AE000BAD82 /* InfoPlist.strings in Resources */ = {isa = PBXBuildFile; fileRef = 992CDF16190769AE000BAD82 /* InfoPlist.strings */; };
		992CDF1A190769AE000BAD82 /* main.m in Sources */ = {isa = PBXBuildFile; fileRef = 992CDF19190769AE000BAD82 /* main.m */; };
		992CDF1E190769AE000BAD82 /* AppDelegate.m in Sources */ = {isa = PBXBuildFile; fileRef = 992CDF1D190769AE000BAD82 /* AppDelegate.m */; };
		992CDF21190769AE000BAD82 /* Main.storyboard in Resources */ = {isa = PBXBuildFile; fileRef = 992CDF1F190769AE000BAD82 /* Main.storyboard */; };
		992CDF24190769AE000BAD82 /* ViewController.m in Sources */ = {isa = PBXBuildFile; fileRef = 992CDF23190769AE000BAD82 /* ViewController.m */; };
		992CDF26190769AE000BAD82 /* Images.xcassets in Resources */ = {isa = PBXBuildFile; fileRef = 992CDF25190769AE000BAD82 /* Images.xcassets */; };
		992CDF2D190769AE000BAD82 /* XCTest.framework in Frameworks */ = {isa = PBXBuildFile; fileRef = 992CDF2C190769AE000BAD82 /* XCTest.framework */; };
		992CDF2E190769AE000BAD82 /* Foundation.framework in Frameworks */ = {isa = PBXBuildFile; fileRef = 992CDF0D190769AE000BAD82 /* Foundation.framework */; };
		992CDF2F190769AE000BAD82 /* UIKit.framework in Frameworks */ = {isa = PBXBuildFile; fileRef = 992CDF11190769AE000BAD82 /* UIKit.framework */; };
		992CDF37190769AE000BAD82 /* InfoPlist.strings in Resources */ = {isa = PBXBuildFile; fileRef = 992CDF35190769AE000BAD82 /* InfoPlist.strings */; };
		992CDF39190769AE000BAD82 /* GradesTests.m in Sources */ = {isa = PBXBuildFile; fileRef = 992CDF38190769AE000BAD82 /* GradesTests.m */; };
		992CDF4B190769F4000BAD82 /* ServerAccess.m in Sources */ = {isa = PBXBuildFile; fileRef = 992CDF4A190769F4000BAD82 /* ServerAccess.m */; };
		992CDF4E19076DEC000BAD82 /* Utils.m in Sources */ = {isa = PBXBuildFile; fileRef = 992CDF4D19076DEC000BAD82 /* Utils.m */; };
		992CDF5119077273000BAD82 /* GradesFetcher.m in Sources */ = {isa = PBXBuildFile; fileRef = 992CDF5019077273000BAD82 /* GradesFetcher.m */; };
		992CDF54190772E5000BAD82 /* KeychainItemWrapper.m in Sources */ = {isa = PBXBuildFile; fileRef = 992CDF53190772E5000BAD82 /* KeychainItemWrapper.m */; };
		992CDF57190774CD000BAD82 /* KeyValue.m in Sources */ = {isa = PBXBuildFile; fileRef = 992CDF56190774CD000BAD82 /* KeyValue.m */; };
		992CDF5A19077606000BAD82 /* Grade.m in Sources */ = {isa = PBXBuildFile; fileRef = 992CDF5919077606000BAD82 /* Grade.m */; };
		993D9FBB19146C870041DF16 /* ObjectiveAsync.m in Sources */ = {isa = PBXBuildFile; fileRef = 993D9FB719146C870041DF16 /* ObjectiveAsync.m */; };
		993D9FBC19146C870041DF16 /* ObjectiveAsyncStep.m in Sources */ = {isa = PBXBuildFile; fileRef = 993D9FBA19146C870041DF16 /* ObjectiveAsyncStep.m */; };
		999C859C190808870088F6BE /* libsqlite3.dylib in Frameworks */ = {isa = PBXBuildFile; fileRef = 999C859B190808870088F6BE /* libsqlite3.dylib */; };
		999C859F190808B20088F6BE /* PersistanceManager.m in Sources */ = {isa = PBXBuildFile; fileRef = 999C859E190808B20088F6BE /* PersistanceManager.m */; };
		999C85A319081FB20088F6BE /* MBProgressHUD.m in Sources */ = {isa = PBXBuildFile; fileRef = 999C85A219081FB20088F6BE /* MBProgressHUD.m */; };
		999C85A6190873EB0088F6BE /* TermGrades.m in Sources */ = {isa = PBXBuildFile; fileRef = 999C85A5190873EB0088F6BE /* TermGrades.m */; };
		999C85A919087E0F0088F6BE /* GradesViewController.m in Sources */ = {isa = PBXBuildFile; fileRef = 999C85A819087E0F0088F6BE /* GradesViewController.m */; };
		999C85AD190882E40088F6BE /* GradeTableViewCell.m in Sources */ = {isa = PBXBuildFile; fileRef = 999C85AB190882E40088F6BE /* GradeTableViewCell.m */; };
		999C85AE190882E40088F6BE /* GradeTableViewCell.xib in Resources */ = {isa = PBXBuildFile; fileRef = 999C85AC190882E40088F6BE /* GradeTableViewCell.xib */; };
		999C85B01908B2A70088F6BE /* carletonlogo.png in Resources */ = {isa = PBXBuildFile; fileRef = 999C85AF1908B2A70088F6BE /* carletonlogo.png */; };
		999C85B51908B30C0088F6BE /* login_sel.png in Resources */ = {isa = PBXBuildFile; fileRef = 999C85B11908B30C0088F6BE /* login_sel.png */; };
		999C85B61908B30C0088F6BE /* login_sel@2x.png in Resources */ = {isa = PBXBuildFile; fileRef = 999C85B21908B30C0088F6BE /* login_sel@2x.png */; };
		999C85B71908B30C0088F6BE /* login.png in Resources */ = {isa = PBXBuildFile; fileRef = 999C85B31908B30C0088F6BE /* login.png */; };
		999C85B81908B30C0088F6BE /* login@2x.png in Resources */ = {isa = PBXBuildFile; fileRef = 999C85B41908B30C0088F6BE /* login@2x.png */; };
		999C85BA1908B3B10088F6BE /* carleton@2x.png in Resources */ = {isa = PBXBuildFile; fileRef = 999C85B91908B3B10088F6BE /* carleton@2x.png */; };
		999C85BE1909D0910088F6BE /* config.plist in Resources */ = {isa = PBXBuildFile; fileRef = 999C85BD1909D0910088F6BE /* config.plist */; };
		999C85C11909D1200088F6BE /* Config.m in Sources */ = {isa = PBXBuildFile; fileRef = 999C85C01909D1200088F6BE /* Config.m */; };
		99E825A0190D40320014239A /* Cache.m in Sources */ = {isa = PBXBuildFile; fileRef = 99E8259F190D40320014239A /* Cache.m */; };
		99E825A3190D41320014239A /* CacheObject.m in Sources */ = {isa = PBXBuildFile; fileRef = 99E825A2190D41320014239A /* CacheObject.m */; };
/* End PBXBuildFile section */

/* Begin PBXContainerItemProxy section */
		992CDF30190769AE000BAD82 /* PBXContainerItemProxy */ = {
			isa = PBXContainerItemProxy;
			containerPortal = 992CDF02190769AE000BAD82 /* Project object */;
			proxyType = 1;
			remoteGlobalIDString = 992CDF09190769AE000BAD82;
			remoteInfo = Grades;
		};
/* End PBXContainerItemProxy section */

/* Begin PBXFileReference section */
		992CDF0A190769AE000BAD82 /* Grades.app */ = {isa = PBXFileReference; explicitFileType = wrapper.application; includeInIndex = 0; path = Grades.app; sourceTree = BUILT_PRODUCTS_DIR; };
		992CDF0D190769AE000BAD82 /* Foundation.framework */ = {isa = PBXFileReference; lastKnownFileType = wrapper.framework; name = Foundation.framework; path = System/Library/Frameworks/Foundation.framework; sourceTree = SDKROOT; };
		992CDF0F190769AE000BAD82 /* CoreGraphics.framework */ = {isa = PBXFileReference; lastKnownFileType = wrapper.framework; name = CoreGraphics.framework; path = System/Library/Frameworks/CoreGraphics.framework; sourceTree = SDKROOT; };
		992CDF11190769AE000BAD82 /* UIKit.framework */ = {isa = PBXFileReference; lastKnownFileType = wrapper.framework; name = UIKit.framework; path = System/Library/Frameworks/UIKit.framework; sourceTree = SDKROOT; };
		992CDF15190769AE000BAD82 /* Grades-Info.plist */ = {isa = PBXFileReference; lastKnownFileType = text.plist.xml; path = "Grades-Info.plist"; sourceTree = "<group>"; };
		992CDF17190769AE000BAD82 /* en */ = {isa = PBXFileReference; lastKnownFileType = text.plist.strings; name = en; path = en.lproj/InfoPlist.strings; sourceTree = "<group>"; };
		992CDF19190769AE000BAD82 /* main.m */ = {isa = PBXFileReference; lastKnownFileType = sourcecode.c.objc; path = main.m; sourceTree = "<group>"; };
		992CDF1B190769AE000BAD82 /* Grades-Prefix.pch */ = {isa = PBXFileReference; lastKnownFileType = sourcecode.c.h; path = "Grades-Prefix.pch"; sourceTree = "<group>"; };
		992CDF1C190769AE000BAD82 /* AppDelegate.h */ = {isa = PBXFileReference; lastKnownFileType = sourcecode.c.h; path = AppDelegate.h; sourceTree = "<group>"; };
		992CDF1D190769AE000BAD82 /* AppDelegate.m */ = {isa = PBXFileReference; lastKnownFileType = sourcecode.c.objc; path = AppDelegate.m; sourceTree = "<group>"; };
		992CDF20190769AE000BAD82 /* Base */ = {isa = PBXFileReference; lastKnownFileType = file.storyboard; name = Base; path = Base.lproj/Main.storyboard; sourceTree = "<group>"; };
		992CDF22190769AE000BAD82 /* ViewController.h */ = {isa = PBXFileReference; lastKnownFileType = sourcecode.c.h; path = ViewController.h; sourceTree = "<group>"; };
		992CDF23190769AE000BAD82 /* ViewController.m */ = {isa = PBXFileReference; lastKnownFileType = sourcecode.c.objc; path = ViewController.m; sourceTree = "<group>"; };
		992CDF25190769AE000BAD82 /* Images.xcassets */ = {isa = PBXFileReference; lastKnownFileType = folder.assetcatalog; path = Images.xcassets; sourceTree = "<group>"; };
		992CDF2B190769AE000BAD82 /* GradesTests.xctest */ = {isa = PBXFileReference; explicitFileType = wrapper.cfbundle; includeInIndex = 0; path = GradesTests.xctest; sourceTree = BUILT_PRODUCTS_DIR; };
		992CDF2C190769AE000BAD82 /* XCTest.framework */ = {isa = PBXFileReference; lastKnownFileType = wrapper.framework; name = XCTest.framework; path = Library/Frameworks/XCTest.framework; sourceTree = DEVELOPER_DIR; };
		992CDF34190769AE000BAD82 /* GradesTests-Info.plist */ = {isa = PBXFileReference; lastKnownFileType = text.plist.xml; path = "GradesTests-Info.plist"; sourceTree = "<group>"; };
		992CDF36190769AE000BAD82 /* en */ = {isa = PBXFileReference; lastKnownFileType = text.plist.strings; name = en; path = en.lproj/InfoPlist.strings; sourceTree = "<group>"; };
		992CDF38190769AE000BAD82 /* GradesTests.m */ = {isa = PBXFileReference; lastKnownFileType = sourcecode.c.objc; path = GradesTests.m; sourceTree = "<group>"; };
		992CDF49190769F4000BAD82 /* ServerAccess.h */ = {isa = PBXFileReference; fileEncoding = 4; lastKnownFileType = sourcecode.c.h; path = ServerAccess.h; sourceTree = "<group>"; };
		992CDF4A190769F4000BAD82 /* ServerAccess.m */ = {isa = PBXFileReference; fileEncoding = 4; lastKnownFileType = sourcecode.c.objc; path = ServerAccess.m; sourceTree = "<group>"; };
		992CDF4C19076DEC000BAD82 /* Utils.h */ = {isa = PBXFileReference; fileEncoding = 4; lastKnownFileType = sourcecode.c.h; path = Utils.h; sourceTree = "<group>"; };
		992CDF4D19076DEC000BAD82 /* Utils.m */ = {isa = PBXFileReference; fileEncoding = 4; lastKnownFileType = sourcecode.c.objc; path = Utils.m; sourceTree = "<group>"; };
		992CDF4F19077273000BAD82 /* GradesFetcher.h */ = {isa = PBXFileReference; fileEncoding = 4; lastKnownFileType = sourcecode.c.h; path = GradesFetcher.h; sourceTree = "<group>"; };
		992CDF5019077273000BAD82 /* GradesFetcher.m */ = {isa = PBXFileReference; fileEncoding = 4; lastKnownFileType = sourcecode.c.objc; path = GradesFetcher.m; sourceTree = "<group>"; };
		992CDF52190772E5000BAD82 /* KeychainItemWrapper.h */ = {isa = PBXFileReference; fileEncoding = 4; lastKnownFileType = sourcecode.c.h; name = KeychainItemWrapper.h; path = "../../Kings-N-Thing-Client/scaffold/src/Classes/KeychainItemWrapper.h"; sourceTree = "<group>"; };
		992CDF53190772E5000BAD82 /* KeychainItemWrapper.m */ = {isa = PBXFileReference; fileEncoding = 4; lastKnownFileType = sourcecode.c.objc; name = KeychainItemWrapper.m; path = "../../Kings-N-Thing-Client/scaffold/src/Classes/KeychainItemWrapper.m"; sourceTree = "<group>"; };
		992CDF55190774CD000BAD82 /* KeyValue.h */ = {isa = PBXFileReference; fileEncoding = 4; lastKnownFileType = sourcecode.c.h; path = KeyValue.h; sourceTree = "<group>"; };
		992CDF56190774CD000BAD82 /* KeyValue.m */ = {isa = PBXFileReference; fileEncoding = 4; lastKnownFileType = sourcecode.c.objc; path = KeyValue.m; sourceTree = "<group>"; };
		992CDF5819077606000BAD82 /* Grade.h */ = {isa = PBXFileReference; fileEncoding = 4; lastKnownFileType = sourcecode.c.h; path = Grade.h; sourceTree = "<group>"; };
		992CDF5919077606000BAD82 /* Grade.m */ = {isa = PBXFileReference; fileEncoding = 4; lastKnownFileType = sourcecode.c.objc; path = Grade.m; sourceTree = "<group>"; };
		993D9FB619146C870041DF16 /* ObjectiveAsync.h */ = {isa = PBXFileReference; fileEncoding = 4; lastKnownFileType = sourcecode.c.h; path = ObjectiveAsync.h; sourceTree = "<group>"; };
		993D9FB719146C870041DF16 /* ObjectiveAsync.m */ = {isa = PBXFileReference; fileEncoding = 4; lastKnownFileType = sourcecode.c.objc; path = ObjectiveAsync.m; sourceTree = "<group>"; };
		993D9FB919146C870041DF16 /* ObjectiveAsyncStep.h */ = {isa = PBXFileReference; fileEncoding = 4; lastKnownFileType = sourcecode.c.h; path = ObjectiveAsyncStep.h; sourceTree = "<group>"; };
		993D9FBA19146C870041DF16 /* ObjectiveAsyncStep.m */ = {isa = PBXFileReference; fileEncoding = 4; lastKnownFileType = sourcecode.c.objc; path = ObjectiveAsyncStep.m; sourceTree = "<group>"; };
		999C859B190808870088F6BE /* libsqlite3.dylib */ = {isa = PBXFileReference; lastKnownFileType = "compiled.mach-o.dylib"; name = libsqlite3.dylib; path = usr/lib/libsqlite3.dylib; sourceTree = SDKROOT; };
		999C859D190808B20088F6BE /* PersistanceManager.h */ = {isa = PBXFileReference; fileEncoding = 4; lastKnownFileType = sourcecode.c.h; path = PersistanceManager.h; sourceTree = "<group>"; };
		999C859E190808B20088F6BE /* PersistanceManager.m */ = {isa = PBXFileReference; fileEncoding = 4; lastKnownFileType = sourcecode.c.objc; path = PersistanceManager.m; sourceTree = "<group>"; };
		999C85A119081FB20088F6BE /* MBProgressHUD.h */ = {isa = PBXFileReference; fileEncoding = 4; lastKnownFileType = sourcecode.c.h; name = MBProgressHUD.h; path = "../../Kings-N-Thing-Client/scaffold/src/Classes/MBProgressHUD.h"; sourceTree = "<group>"; };
		999C85A219081FB20088F6BE /* MBProgressHUD.m */ = {isa = PBXFileReference; fileEncoding = 4; lastKnownFileType = sourcecode.c.objc; name = MBProgressHUD.m; path = "../../Kings-N-Thing-Client/scaffold/src/Classes/MBProgressHUD.m"; sourceTree = "<group>"; };
		999C85A4190873EB0088F6BE /* TermGrades.h */ = {isa = PBXFileReference; fileEncoding = 4; lastKnownFileType = sourcecode.c.h; path = TermGrades.h; sourceTree = "<group>"; };
		999C85A5190873EB0088F6BE /* TermGrades.m */ = {isa = PBXFileReference; fileEncoding = 4; lastKnownFileType = sourcecode.c.objc; path = TermGrades.m; sourceTree = "<group>"; };
		999C85A719087E0F0088F6BE /* GradesViewController.h */ = {isa = PBXFileReference; fileEncoding = 4; lastKnownFileType = sourcecode.c.h; path = GradesViewController.h; sourceTree = "<group>"; };
		999C85A819087E0F0088F6BE /* GradesViewController.m */ = {isa = PBXFileReference; fileEncoding = 4; lastKnownFileType = sourcecode.c.objc; path = GradesViewController.m; sourceTree = "<group>"; };
		999C85AA190882E40088F6BE /* GradeTableViewCell.h */ = {isa = PBXFileReference; fileEncoding = 4; lastKnownFileType = sourcecode.c.h; path = GradeTableViewCell.h; sourceTree = "<group>"; };
		999C85AB190882E40088F6BE /* GradeTableViewCell.m */ = {isa = PBXFileReference; fileEncoding = 4; lastKnownFileType = sourcecode.c.objc; path = GradeTableViewCell.m; sourceTree = "<group>"; };
		999C85AC190882E40088F6BE /* GradeTableViewCell.xib */ = {isa = PBXFileReference; fileEncoding = 4; lastKnownFileType = file.xib; path = GradeTableViewCell.xib; sourceTree = "<group>"; };
		999C85AF1908B2A70088F6BE /* carletonlogo.png */ = {isa = PBXFileReference; lastKnownFileType = image.png; path = carletonlogo.png; sourceTree = "<group>"; };
		999C85B11908B30C0088F6BE /* login_sel.png */ = {isa = PBXFileReference; lastKnownFileType = image.png; path = login_sel.png; sourceTree = "<group>"; };
		999C85B21908B30C0088F6BE /* login_sel@2x.png */ = {isa = PBXFileReference; lastKnownFileType = image.png; path = "login_sel@2x.png"; sourceTree = "<group>"; };
		999C85B31908B30C0088F6BE /* login.png */ = {isa = PBXFileReference; lastKnownFileType = image.png; path = login.png; sourceTree = "<group>"; };
		999C85B41908B30C0088F6BE /* login@2x.png */ = {isa = PBXFileReference; lastKnownFileType = image.png; path = "login@2x.png"; sourceTree = "<group>"; };
		999C85B91908B3B10088F6BE /* carleton@2x.png */ = {isa = PBXFileReference; lastKnownFileType = image.png; path = "carleton@2x.png"; sourceTree = "<group>"; };
		999C85BD1909D0910088F6BE /* config.plist */ = {isa = PBXFileReference; fileEncoding = 4; lastKnownFileType = text.plist.xml; path = config.plist; sourceTree = "<group>"; };
		999C85BF1909D1200088F6BE /* Config.h */ = {isa = PBXFileReference; fileEncoding = 4; lastKnownFileType = sourcecode.c.h; path = Config.h; sourceTree = "<group>"; };
		999C85C01909D1200088F6BE /* Config.m */ = {isa = PBXFileReference; fileEncoding = 4; lastKnownFileType = sourcecode.c.objc; path = Config.m; sourceTree = "<group>"; };
		99E8259E190D40320014239A /* Cache.h */ = {isa = PBXFileReference; fileEncoding = 4; lastKnownFileType = sourcecode.c.h; path = Cache.h; sourceTree = "<group>"; };
		99E8259F190D40320014239A /* Cache.m */ = {isa = PBXFileReference; fileEncoding = 4; lastKnownFileType = sourcecode.c.objc; path = Cache.m; sourceTree = "<group>"; };
		99E825A1190D41320014239A /* CacheObject.h */ = {isa = PBXFileReference; fileEncoding = 4; lastKnownFileType = sourcecode.c.h; path = CacheObject.h; sourceTree = "<group>"; };
		99E825A2190D41320014239A /* CacheObject.m */ = {isa = PBXFileReference; fileEncoding = 4; lastKnownFileType = sourcecode.c.objc; path = CacheObject.m; sourceTree = "<group>"; };
/* End PBXFileReference section */

/* Begin PBXFrameworksBuildPhase section */
		992CDF07190769AE000BAD82 /* Frameworks */ = {
			isa = PBXFrameworksBuildPhase;
			buildActionMask = 2147483647;
			files = (
				999C859C190808870088F6BE /* libsqlite3.dylib in Frameworks */,
				992CDF10190769AE000BAD82 /* CoreGraphics.framework in Frameworks */,
				992CDF12190769AE000BAD82 /* UIKit.framework in Frameworks */,
				992CDF0E190769AE000BAD82 /* Foundation.framework in Frameworks */,
			);
			runOnlyForDeploymentPostprocessing = 0;
		};
		992CDF28190769AE000BAD82 /* Frameworks */ = {
			isa = PBXFrameworksBuildPhase;
			buildActionMask = 2147483647;
			files = (
				992CDF2D190769AE000BAD82 /* XCTest.framework in Frameworks */,
				992CDF2F190769AE000BAD82 /* UIKit.framework in Frameworks */,
				992CDF2E190769AE000BAD82 /* Foundation.framework in Frameworks */,
			);
			runOnlyForDeploymentPostprocessing = 0;
		};
/* End PBXFrameworksBuildPhase section */

/* Begin PBXGroup section */
		992CDF01190769AE000BAD82 = {
			isa = PBXGroup;
			children = (
				992CDF13190769AE000BAD82 /* Grades */,
				992CDF32190769AE000BAD82 /* GradesTests */,
				992CDF0C190769AE000BAD82 /* Frameworks */,
				992CDF0B190769AE000BAD82 /* Products */,
			);
			sourceTree = "<group>";
		};
		992CDF0B190769AE000BAD82 /* Products */ = {
			isa = PBXGroup;
			children = (
				992CDF0A190769AE000BAD82 /* Grades.app */,
				992CDF2B190769AE000BAD82 /* GradesTests.xctest */,
			);
			name = Products;
			sourceTree = "<group>";
		};
		992CDF0C190769AE000BAD82 /* Frameworks */ = {
			isa = PBXGroup;
			children = (
				993D9FB519146C750041DF16 /* Objective-Async */,
				999C859B190808870088F6BE /* libsqlite3.dylib */,
				992CDF0D190769AE000BAD82 /* Foundation.framework */,
				992CDF0F190769AE000BAD82 /* CoreGraphics.framework */,
				992CDF11190769AE000BAD82 /* UIKit.framework */,
				992CDF2C190769AE000BAD82 /* XCTest.framework */,
			);
			name = Frameworks;
			sourceTree = "<group>";
		};
		992CDF13190769AE000BAD82 /* Grades */ = {
			isa = PBXGroup;
			children = (
				999C85BB1908B44E0088F6BE /* Images */,
				992CDF5E1907782D000BAD82 /* Fetcher */,
				992CDF5D1907781E000BAD82 /* Utils */,
				992CDF5B190777F6000BAD82 /* Views and Controllers */,
				992CDF44190769D1000BAD82 /* Server */,
				992CDF25190769AE000BAD82 /* Images.xcassets */,
				992CDF14190769AE000BAD82 /* Supporting Files */,
				999C85BD1909D0910088F6BE /* config.plist */,
				999C85BF1909D1200088F6BE /* Config.h */,
				999C85C01909D1200088F6BE /* Config.m */,
			);
			path = Grades;
			sourceTree = "<group>";
		};
		992CDF14190769AE000BAD82 /* Supporting Files */ = {
			isa = PBXGroup;
			children = (
				992CDF15190769AE000BAD82 /* Grades-Info.plist */,
				992CDF16190769AE000BAD82 /* InfoPlist.strings */,
				992CDF19190769AE000BAD82 /* main.m */,
				992CDF1B190769AE000BAD82 /* Grades-Prefix.pch */,
			);
			name = "Supporting Files";
			sourceTree = "<group>";
		};
		992CDF32190769AE000BAD82 /* GradesTests */ = {
			isa = PBXGroup;
			children = (
				992CDF38190769AE000BAD82 /* GradesTests.m */,
				992CDF33190769AE000BAD82 /* Supporting Files */,
			);
			path = GradesTests;
			sourceTree = "<group>";
		};
		992CDF33190769AE000BAD82 /* Supporting Files */ = {
			isa = PBXGroup;
			children = (
				992CDF34190769AE000BAD82 /* GradesTests-Info.plist */,
				992CDF35190769AE000BAD82 /* InfoPlist.strings */,
			);
			name = "Supporting Files";
			sourceTree = "<group>";
		};
		992CDF44190769D1000BAD82 /* Server */ = {
			isa = PBXGroup;
			children = (
				992CDF49190769F4000BAD82 /* ServerAccess.h */,
				992CDF4A190769F4000BAD82 /* ServerAccess.m */,
			);
			name = Server;
			sourceTree = "<group>";
		};
		992CDF5B190777F6000BAD82 /* Views and Controllers */ = {
			isa = PBXGroup;
			children = (
				992CDF1C190769AE000BAD82 /* AppDelegate.h */,
				992CDF1D190769AE000BAD82 /* AppDelegate.m */,
				992CDF1F190769AE000BAD82 /* Main.storyboard */,
				992CDF22190769AE000BAD82 /* ViewController.h */,
				992CDF23190769AE000BAD82 /* ViewController.m */,
				999C85A719087E0F0088F6BE /* GradesViewController.h */,
				999C85A819087E0F0088F6BE /* GradesViewController.m */,
				999C85AA190882E40088F6BE /* GradeTableViewCell.h */,
				999C85AB190882E40088F6BE /* GradeTableViewCell.m */,
				999C85AC190882E40088F6BE /* GradeTableViewCell.xib */,
			);
			name = "Views and Controllers";
			sourceTree = "<group>";
		};
		992CDF5D1907781E000BAD82 /* Utils */ = {
			isa = PBXGroup;
			children = (
				999C85A119081FB20088F6BE /* MBProgressHUD.h */,
				999C85A219081FB20088F6BE /* MBProgressHUD.m */,
				992CDF4C19076DEC000BAD82 /* Utils.h */,
				992CDF4D19076DEC000BAD82 /* Utils.m */,
				992CDF52190772E5000BAD82 /* KeychainItemWrapper.h */,
				992CDF53190772E5000BAD82 /* KeychainItemWrapper.m */,
				992CDF55190774CD000BAD82 /* KeyValue.h */,
				992CDF56190774CD000BAD82 /* KeyValue.m */,
			);
			name = Utils;
			sourceTree = "<group>";
		};
		992CDF5E1907782D000BAD82 /* Fetcher */ = {
			isa = PBXGroup;
			children = (
				992CDF4F19077273000BAD82 /* GradesFetcher.h */,
				992CDF5019077273000BAD82 /* GradesFetcher.m */,
				992CDF5819077606000BAD82 /* Grade.h */,
				992CDF5919077606000BAD82 /* Grade.m */,
				999C859D190808B20088F6BE /* PersistanceManager.h */,
				999C859E190808B20088F6BE /* PersistanceManager.m */,
				999C85A4190873EB0088F6BE /* TermGrades.h */,
				999C85A5190873EB0088F6BE /* TermGrades.m */,
				99E8259E190D40320014239A /* Cache.h */,
				99E8259F190D40320014239A /* Cache.m */,
				99E825A1190D41320014239A /* CacheObject.h */,
				99E825A2190D41320014239A /* CacheObject.m */,
			);
			name = Fetcher;
			sourceTree = "<group>";
		};
		993D9FB519146C750041DF16 /* Objective-Async */ = {
			isa = PBXGroup;
			children = (
				993D9FB619146C870041DF16 /* ObjectiveAsync.h */,
				993D9FB719146C870041DF16 /* ObjectiveAsync.m */,
				993D9FB819146C870041DF16 /* Utils */,
			);
			name = "Objective-Async";
			path = Grades;
			sourceTree = "<group>";
		};
		993D9FB819146C870041DF16 /* Utils */ = {
			isa = PBXGroup;
			children = (
				993D9FB919146C870041DF16 /* ObjectiveAsyncStep.h */,
				993D9FBA19146C870041DF16 /* ObjectiveAsyncStep.m */,
			);
			path = Utils;
			sourceTree = "<group>";
		};
		999C85BB1908B44E0088F6BE /* Images */ = {
			isa = PBXGroup;
			children = (
				999C85B91908B3B10088F6BE /* carleton@2x.png */,
				999C85B11908B30C0088F6BE /* login_sel.png */,
				999C85B21908B30C0088F6BE /* login_sel@2x.png */,
				999C85B31908B30C0088F6BE /* login.png */,
				999C85B41908B30C0088F6BE /* login@2x.png */,
				999C85AF1908B2A70088F6BE /* carletonlogo.png */,
			);
			name = Images;
			sourceTree = "<group>";
		};
/* End PBXGroup section */

/* Begin PBXNativeTarget section */
		992CDF09190769AE000BAD82 /* Grades */ = {
			isa = PBXNativeTarget;
			buildConfigurationList = 992CDF3C190769AE000BAD82 /* Build configuration list for PBXNativeTarget "Grades" */;
			buildPhases = (
				992CDF06190769AE000BAD82 /* Sources */,
				992CDF07190769AE000BAD82 /* Frameworks */,
				992CDF08190769AE000BAD82 /* Resources */,
			);
			buildRules = (
			);
			dependencies = (
			);
			name = Grades;
			productName = Grades;
			productReference = 992CDF0A190769AE000BAD82 /* Grades.app */;
			productType = "com.apple.product-type.application";
		};
		992CDF2A190769AE000BAD82 /* GradesTests */ = {
			isa = PBXNativeTarget;
			buildConfigurationList = 992CDF3F190769AE000BAD82 /* Build configuration list for PBXNativeTarget "GradesTests" */;
			buildPhases = (
				992CDF27190769AE000BAD82 /* Sources */,
				992CDF28190769AE000BAD82 /* Frameworks */,
				992CDF29190769AE000BAD82 /* Resources */,
			);
			buildRules = (
			);
			dependencies = (
				992CDF31190769AE000BAD82 /* PBXTargetDependency */,
			);
			name = GradesTests;
			productName = GradesTests;
			productReference = 992CDF2B190769AE000BAD82 /* GradesTests.xctest */;
			productType = "com.apple.product-type.bundle.unit-test";
		};
/* End PBXNativeTarget section */

/* Begin PBXProject section */
		992CDF02190769AE000BAD82 /* Project object */ = {
			isa = PBXProject;
			attributes = {
				LastUpgradeCheck = 0510;
				ORGANIZATIONNAME = "Devin Lynch";
				TargetAttributes = {
					992CDF09190769AE000BAD82 = {
						SystemCapabilities = {
							com.apple.BackgroundModes = {
								enabled = 1;
							};
						};
					};
					992CDF2A190769AE000BAD82 = {
						TestTargetID = 992CDF09190769AE000BAD82;
					};
				};
			};
			buildConfigurationList = 992CDF05190769AE000BAD82 /* Build configuration list for PBXProject "Grades" */;
			compatibilityVersion = "Xcode 3.2";
			developmentRegion = English;
			hasScannedForEncodings = 0;
			knownRegions = (
				en,
				Base,
			);
			mainGroup = 992CDF01190769AE000BAD82;
			productRefGroup = 992CDF0B190769AE000BAD82 /* Products */;
			projectDirPath = "";
			projectRoot = "";
			targets = (
				992CDF09190769AE000BAD82 /* Grades */,
				992CDF2A190769AE000BAD82 /* GradesTests */,
			);
		};
/* End PBXProject section */

/* Begin PBXResourcesBuildPhase section */
		992CDF08190769AE000BAD82 /* Resources */ = {
			isa = PBXResourcesBuildPhase;
			buildActionMask = 2147483647;
			files = (
				992CDF26190769AE000BAD82 /* Images.xcassets in Resources */,
				999C85AE190882E40088F6BE /* GradeTableViewCell.xib in Resources */,
				999C85BA1908B3B10088F6BE /* carleton@2x.png in Resources */,
				999C85BE1909D0910088F6BE /* config.plist in Resources */,
				999C85B51908B30C0088F6BE /* login_sel.png in Resources */,
				999C85B61908B30C0088F6BE /* login_sel@2x.png in Resources */,
				992CDF18190769AE000BAD82 /* InfoPlist.strings in Resources */,
				999C85B71908B30C0088F6BE /* login.png in Resources */,
				992CDF21190769AE000BAD82 /* Main.storyboard in Resources */,
				999C85B01908B2A70088F6BE /* carletonlogo.png in Resources */,
				999C85B81908B30C0088F6BE /* login@2x.png in Resources */,
			);
			runOnlyForDeploymentPostprocessing = 0;
		};
		992CDF29190769AE000BAD82 /* Resources */ = {
			isa = PBXResourcesBuildPhase;
			buildActionMask = 2147483647;
			files = (
				992CDF37190769AE000BAD82 /* InfoPlist.strings in Resources */,
			);
			runOnlyForDeploymentPostprocessing = 0;
		};
/* End PBXResourcesBuildPhase section */

/* Begin PBXSourcesBuildPhase section */
		992CDF06190769AE000BAD82 /* Sources */ = {
			isa = PBXSourcesBuildPhase;
			buildActionMask = 2147483647;
			files = (
				99E825A0190D40320014239A /* Cache.m in Sources */,
				992CDF24190769AE000BAD82 /* ViewController.m in Sources */,
				992CDF1E190769AE000BAD82 /* AppDelegate.m in Sources */,
				992CDF4B190769F4000BAD82 /* ServerAccess.m in Sources */,
				993D9FBB19146C870041DF16 /* ObjectiveAsync.m in Sources */,
				99E825A3190D41320014239A /* CacheObject.m in Sources */,
				992CDF5A19077606000BAD82 /* Grade.m in Sources */,
				993D9FBC19146C870041DF16 /* ObjectiveAsyncStep.m in Sources */,
				999C85A319081FB20088F6BE /* MBProgressHUD.m in Sources */,
				992CDF57190774CD000BAD82 /* KeyValue.m in Sources */,
				999C859F190808B20088F6BE /* PersistanceManager.m in Sources */,
				992CDF4E19076DEC000BAD82 /* Utils.m in Sources */,
				999C85A919087E0F0088F6BE /* GradesViewController.m in Sources */,
				992CDF1A190769AE000BAD82 /* main.m in Sources */,
				999C85C11909D1200088F6BE /* Config.m in Sources */,
				999C85A6190873EB0088F6BE /* TermGrades.m in Sources */,
				992CDF5119077273000BAD82 /* GradesFetcher.m in Sources */,
				992CDF54190772E5000BAD82 /* KeychainItemWrapper.m in Sources */,
				999C85AD190882E40088F6BE /* GradeTableViewCell.m in Sources */,
			);
			runOnlyForDeploymentPostprocessing = 0;
		};
		992CDF27190769AE000BAD82 /* Sources */ = {
			isa = PBXSourcesBuildPhase;
			buildActionMask = 2147483647;
			files = (
				992CDF39190769AE000BAD82 /* GradesTests.m in Sources */,
			);
			runOnlyForDeploymentPostprocessing = 0;
		};
/* End PBXSourcesBuildPhase section */

/* Begin PBXTargetDependency section */
		992CDF31190769AE000BAD82 /* PBXTargetDependency */ = {
			isa = PBXTargetDependency;
			target = 992CDF09190769AE000BAD82 /* Grades */;
			targetProxy = 992CDF30190769AE000BAD82 /* PBXContainerItemProxy */;
		};
/* End PBXTargetDependency section */

/* Begin PBXVariantGroup section */
		992CDF16190769AE000BAD82 /* InfoPlist.strings */ = {
			isa = PBXVariantGroup;
			children = (
				992CDF17190769AE000BAD82 /* en */,
			);
			name = InfoPlist.strings;
			sourceTree = "<group>";
		};
		992CDF1F190769AE000BAD82 /* Main.storyboard */ = {
			isa = PBXVariantGroup;
			children = (
				992CDF20190769AE000BAD82 /* Base */,
			);
			name = Main.storyboard;
			sourceTree = "<group>";
		};
		992CDF35190769AE000BAD82 /* InfoPlist.strings */ = {
			isa = PBXVariantGroup;
			children = (
				992CDF36190769AE000BAD82 /* en */,
			);
			name = InfoPlist.strings;
			sourceTree = "<group>";
		};
/* End PBXVariantGroup section */

/* Begin XCBuildConfiguration section */
		992CDF3A190769AE000BAD82 /* Debug */ = {
			isa = XCBuildConfiguration;
			buildSettings = {
				ALWAYS_SEARCH_USER_PATHS = NO;
				CLANG_CXX_LANGUAGE_STANDARD = "gnu++0x";
				CLANG_CXX_LIBRARY = "libc++";
				CLANG_ENABLE_MODULES = YES;
				CLANG_ENABLE_OBJC_ARC = YES;
				CLANG_WARN_BOOL_CONVERSION = YES;
				CLANG_WARN_CONSTANT_CONVERSION = YES;
				CLANG_WARN_DIRECT_OBJC_ISA_USAGE = YES_ERROR;
				CLANG_WARN_EMPTY_BODY = YES;
				CLANG_WARN_ENUM_CONVERSION = YES;
				CLANG_WARN_INT_CONVERSION = YES;
				CLANG_WARN_OBJC_ROOT_CLASS = YES_ERROR;
				CLANG_WARN__DUPLICATE_METHOD_MATCH = YES;
				"CODE_SIGN_IDENTITY[sdk=iphoneos*]" = "iPhone Developer";
				COPY_PHASE_STRIP = NO;
				GCC_C_LANGUAGE_STANDARD = gnu99;
				GCC_DYNAMIC_NO_PIC = NO;
				GCC_OPTIMIZATION_LEVEL = 0;
				GCC_PREPROCESSOR_DEFINITIONS = (
					"DEBUG=1",
					"$(inherited)",
				);
				GCC_SYMBOLS_PRIVATE_EXTERN = NO;
				GCC_WARN_64_TO_32_BIT_CONVERSION = YES;
				GCC_WARN_ABOUT_RETURN_TYPE = YES_ERROR;
				GCC_WARN_UNDECLARED_SELECTOR = YES;
				GCC_WARN_UNINITIALIZED_AUTOS = YES_AGGRESSIVE;
				GCC_WARN_UNUSED_FUNCTION = YES;
				GCC_WARN_UNUSED_VARIABLE = YES;
				IPHONEOS_DEPLOYMENT_TARGET = 7.1;
				ONLY_ACTIVE_ARCH = YES;
				SDKROOT = iphoneos;
			};
			name = Debug;
		};
		992CDF3B190769AE000BAD82 /* Release */ = {
			isa = XCBuildConfiguration;
			buildSettings = {
				ALWAYS_SEARCH_USER_PATHS = NO;
				CLANG_CXX_LANGUAGE_STANDARD = "gnu++0x";
				CLANG_CXX_LIBRARY = "libc++";
				CLANG_ENABLE_MODULES = YES;
				CLANG_ENABLE_OBJC_ARC = YES;
				CLANG_WARN_BOOL_CONVERSION = YES;
				CLANG_WARN_CONSTANT_CONVERSION = YES;
				CLANG_WARN_DIRECT_OBJC_ISA_USAGE = YES_ERROR;
				CLANG_WARN_EMPTY_BODY = YES;
				CLANG_WARN_ENUM_CONVERSION = YES;
				CLANG_WARN_INT_CONVERSION = YES;
				CLANG_WARN_OBJC_ROOT_CLASS = YES_ERROR;
				CLANG_WARN__DUPLICATE_METHOD_MATCH = YES;
				"CODE_SIGN_IDENTITY[sdk=iphoneos*]" = "iPhone Developer";
				COPY_PHASE_STRIP = YES;
				ENABLE_NS_ASSERTIONS = NO;
				GCC_C_LANGUAGE_STANDARD = gnu99;
				GCC_WARN_64_TO_32_BIT_CONVERSION = YES;
				GCC_WARN_ABOUT_RETURN_TYPE = YES_ERROR;
				GCC_WARN_UNDECLARED_SELECTOR = YES;
				GCC_WARN_UNINITIALIZED_AUTOS = YES_AGGRESSIVE;
				GCC_WARN_UNUSED_FUNCTION = YES;
				GCC_WARN_UNUSED_VARIABLE = YES;
				IPHONEOS_DEPLOYMENT_TARGET = 7.1;
				SDKROOT = iphoneos;
				VALIDATE_PRODUCT = YES;
			};
			name = Release;
		};
		992CDF3D190769AE000BAD82 /* Debug */ = {
			isa = XCBuildConfiguration;
			buildSettings = {
				ASSETCATALOG_COMPILER_LAUNCHIMAGE_NAME = LaunchImage;
				GCC_PRECOMPILE_PREFIX_HEADER = YES;
				GCC_PREFIX_HEADER = "Grades/Grades-Prefix.pch";
				INFOPLIST_FILE = "Grades/Grades-Info.plist";
				PRODUCT_NAME = "$(TARGET_NAME)";
				WRAPPER_EXTENSION = app;
			};
			name = Debug;
		};
		992CDF3E190769AE000BAD82 /* Release */ = {
			isa = XCBuildConfiguration;
			buildSettings = {
				ASSETCATALOG_COMPILER_LAUNCHIMAGE_NAME = LaunchImage;
				GCC_PRECOMPILE_PREFIX_HEADER = YES;
				GCC_PREFIX_HEADER = "Grades/Grades-Prefix.pch";
				INFOPLIST_FILE = "Grades/Grades-Info.plist";
				PRODUCT_NAME = "$(TARGET_NAME)";
				WRAPPER_EXTENSION = app;
			};
			name = Release;
		};
		992CDF40190769AE000BAD82 /* Debug */ = {
			isa = XCBuildConfiguration;
			buildSettings = {
				BUNDLE_LOADER = "$(BUILT_PRODUCTS_DIR)/Grades.app/Grades";
				FRAMEWORK_SEARCH_PATHS = (
					"$(SDKROOT)/Developer/Library/Frameworks",
					"$(inherited)",
					"$(DEVELOPER_FRAMEWORKS_DIR)",
				);
				GCC_PRECOMPILE_PREFIX_HEADER = YES;
				GCC_PREFIX_HEADER = "Grades/Grades-Prefix.pch";
				GCC_PREPROCESSOR_DEFINITIONS = (
					"DEBUG=1",
					"$(inherited)",
				);
				INFOPLIST_FILE = "GradesTests/GradesTests-Info.plist";
				PRODUCT_NAME = "$(TARGET_NAME)";
				TEST_HOST = "$(BUNDLE_LOADER)";
				WRAPPER_EXTENSION = xctest;
			};
			name = Debug;
		};
		992CDF41190769AE000BAD82 /* Release */ = {
			isa = XCBuildConfiguration;
			buildSettings = {
				BUNDLE_LOADER = "$(BUILT_PRODUCTS_DIR)/Grades.app/Grades";
				FRAMEWORK_SEARCH_PATHS = (
					"$(SDKROOT)/Developer/Library/Frameworks",
					"$(inherited)",
					"$(DEVELOPER_FRAMEWORKS_DIR)",
				);
				GCC_PRECOMPILE_PREFIX_HEADER = YES;
				GCC_PREFIX_HEADER = "Grades/Grades-Prefix.pch";
				INFOPLIST_FILE = "GradesTests/GradesTests-Info.plist";
				PRODUCT_NAME = "$(TARGET_NAME)";
				TEST_HOST = "$(BUNDLE_LOADER)";
				WRAPPER_EXTENSION = xctest;
			};
			name = Release;
		};
/* End XCBuildConfiguration section */

/* Begin XCConfigurationList section */
		992CDF05190769AE000BAD82 /* Build configuration list for PBXProject "Grades" */ = {
			isa = XCConfigurationList;
			buildConfigurations = (
				992CDF3A190769AE000BAD82 /* Debug */,
				992CDF3B190769AE000BAD82 /* Release */,
			);
			defaultConfigurationIsVisible = 0;
			defaultConfigurationName = Release;
		};
		992CDF3C190769AE000BAD82 /* Build configuration list for PBXNativeTarget "Grades" */ = {
			isa = XCConfigurationList;
			buildConfigurations = (
				992CDF3D190769AE000BAD82 /* Debug */,
				992CDF3E190769AE000BAD82 /* Release */,
			);
			defaultConfigurationIsVisible = 0;
			defaultConfigurationName = Release;
		};
		992CDF3F190769AE000BAD82 /* Build configuration list for PBXNativeTarget "GradesTests" */ = {
			isa = XCConfigurationList;
			buildConfigurations = (
				992CDF40190769AE000BAD82 /* Debug */,
				992CDF41190769AE000BAD82 /* Release */,
			);
			defaultConfigurationIsVisible = 0;
			defaultConfigurationName = Release;
		};
/* End XCConfigurationList section */
	};
	rootObject = 992CDF02190769AE000BAD82 /* Project object */;
}
